// !$*UTF8*$!
{
	archiveVersion = 1;
	classes = {
	};
	objectVersion = 56;
	objects = {

/* Begin PBXBuildFile section */
		5762147E2B851BF500FB7412 /* CuriousCatApp.swift in Sources */ = {isa = PBXBuildFile; fileRef = 5762147D2B851BF500FB7412 /* CuriousCatApp.swift */; };
		576214802B851BF500FB7412 /* ContentView.swift in Sources */ = {isa = PBXBuildFile; fileRef = 5762147F2B851BF500FB7412 /* ContentView.swift */; };
		576214822B851BF600FB7412 /* Assets.xcassets in Resources */ = {isa = PBXBuildFile; fileRef = 576214812B851BF600FB7412 /* Assets.xcassets */; };
		576214852B851BF600FB7412 /* Preview Assets.xcassets in Resources */ = {isa = PBXBuildFile; fileRef = 576214842B851BF600FB7412 /* Preview Assets.xcassets */; };
		576214A82B8ADF7F00FB7412 /* SummarizeModel.swift in Sources */ = {isa = PBXBuildFile; fileRef = 576214A72B8ADF7F00FB7412 /* SummarizeModel.swift */; };
		576214AB2B8ADFF900FB7412 /* GoogleGenerativeAI in Frameworks */ = {isa = PBXBuildFile; productRef = 576214AA2B8ADFF900FB7412 /* GoogleGenerativeAI */; };
/* End PBXBuildFile section */

/* Begin PBXContainerItemProxy section */
		5762148B2B851BF600FB7412 /* PBXContainerItemProxy */ = {
			isa = PBXContainerItemProxy;
			containerPortal = 576214722B851BF500FB7412 /* Project object */;
			proxyType = 1;
			remoteGlobalIDString = 576214792B851BF500FB7412;
			remoteInfo = CuriousCat;
		};
		576214952B851BF600FB7412 /* PBXContainerItemProxy */ = {
			isa = PBXContainerItemProxy;
			containerPortal = 576214722B851BF500FB7412 /* Project object */;
			proxyType = 1;
			remoteGlobalIDString = 576214792B851BF500FB7412;
			remoteInfo = CuriousCat;
		};
/* End PBXContainerItemProxy section */

/* Begin PBXFileReference section */
		5762147A2B851BF500FB7412 /* CuriousCat.app */ = {isa = PBXFileReference; explicitFileType = wrapper.application; includeInIndex = 0; path = CuriousCat.app; sourceTree = BUILT_PRODUCTS_DIR; };
		5762147D2B851BF500FB7412 /* CuriousCatApp.swift */ = {isa = PBXFileReference; lastKnownFileType = sourcecode.swift; path = CuriousCatApp.swift; sourceTree = "<group>"; };
		5762147F2B851BF500FB7412 /* ContentView.swift */ = {isa = PBXFileReference; lastKnownFileType = sourcecode.swift; path = ContentView.swift; sourceTree = "<group>"; };
		576214812B851BF600FB7412 /* Assets.xcassets */ = {isa = PBXFileReference; lastKnownFileType = folder.assetcatalog; path = Assets.xcassets; sourceTree = "<group>"; };
		576214842B851BF600FB7412 /* Preview Assets.xcassets */ = {isa = PBXFileReference; lastKnownFileType = folder.assetcatalog; path = "Preview Assets.xcassets"; sourceTree = "<group>"; };
		5762148A2B851BF600FB7412 /* CuriousCatTests.xctest */ = {isa = PBXFileReference; explicitFileType = wrapper.cfbundle; includeInIndex = 0; path = CuriousCatTests.xctest; sourceTree = BUILT_PRODUCTS_DIR; };
		576214942B851BF600FB7412 /* CuriousCatUITests.xctest */ = {isa = PBXFileReference; explicitFileType = wrapper.cfbundle; includeInIndex = 0; path = CuriousCatUITests.xctest; sourceTree = BUILT_PRODUCTS_DIR; };
		576214A72B8ADF7F00FB7412 /* SummarizeModel.swift */ = {isa = PBXFileReference; lastKnownFileType = sourcecode.swift; path = SummarizeModel.swift; sourceTree = "<group>"; };
/* End PBXFileReference section */

/* Begin PBXFrameworksBuildPhase section */
		576214772B851BF500FB7412 /* Frameworks */ = {
			isa = PBXFrameworksBuildPhase;
			buildActionMask = 2147483647;
			files = (
				576214AB2B8ADFF900FB7412 /* GoogleGenerativeAI in Frameworks */,
			);
			runOnlyForDeploymentPostprocessing = 0;
		};
		576214872B851BF600FB7412 /* Frameworks */ = {
			isa = PBXFrameworksBuildPhase;
			buildActionMask = 2147483647;
			files = (
			);
			runOnlyForDeploymentPostprocessing = 0;
		};
		576214912B851BF600FB7412 /* Frameworks */ = {
			isa = PBXFrameworksBuildPhase;
			buildActionMask = 2147483647;
			files = (
			);
			runOnlyForDeploymentPostprocessing = 0;
		};
/* End PBXFrameworksBuildPhase section */

/* Begin PBXGroup section */
		576214712B851BF500FB7412 = {
			isa = PBXGroup;
			children = (
				5762147C2B851BF500FB7412 /* CuriousCat */,
				5762147B2B851BF500FB7412 /* Products */,
			);
			sourceTree = "<group>";
		};
		5762147B2B851BF500FB7412 /* Products */ = {
			isa = PBXGroup;
			children = (
				5762147A2B851BF500FB7412 /* CuriousCat.app */,
				5762148A2B851BF600FB7412 /* CuriousCatTests.xctest */,
				576214942B851BF600FB7412 /* CuriousCatUITests.xctest */,
			);
			name = Products;
			sourceTree = "<group>";
		};
		5762147C2B851BF500FB7412 /* CuriousCat */ = {
			isa = PBXGroup;
			children = (
				5762147D2B851BF500FB7412 /* CuriousCatApp.swift */,
				576214A72B8ADF7F00FB7412 /* SummarizeModel.swift */,
				5762147F2B851BF500FB7412 /* ContentView.swift */,
				576214812B851BF600FB7412 /* Assets.xcassets */,
				576214832B851BF600FB7412 /* Preview Content */,
			);
			path = CuriousCat;
			sourceTree = "<group>";
		};
		576214832B851BF600FB7412 /* Preview Content */ = {
			isa = PBXGroup;
			children = (
				576214842B851BF600FB7412 /* Preview Assets.xcassets */,
			);
			path = "Preview Content";
			sourceTree = "<group>";
		};
/* End PBXGroup section */

/* Begin PBXNativeTarget section */
		576214792B851BF500FB7412 /* CuriousCat */ = {
			isa = PBXNativeTarget;
			buildConfigurationList = 5762149E2B851BF600FB7412 /* Build configuration list for PBXNativeTarget "CuriousCat" */;
			buildPhases = (
				576214762B851BF500FB7412 /* Sources */,
				576214772B851BF500FB7412 /* Frameworks */,
				576214782B851BF500FB7412 /* Resources */,
			);
			buildRules = (
			);
			dependencies = (
			);
			name = CuriousCat;
			packageProductDependencies = (
				576214AA2B8ADFF900FB7412 /* GoogleGenerativeAI */,
			);
			productName = CuriousCat;
			productReference = 5762147A2B851BF500FB7412 /* CuriousCat.app */;
			productType = "com.apple.product-type.application";
		};
		576214892B851BF600FB7412 /* CuriousCatTests */ = {
			isa = PBXNativeTarget;
			buildConfigurationList = 576214A12B851BF600FB7412 /* Build configuration list for PBXNativeTarget "CuriousCatTests" */;
			buildPhases = (
				576214862B851BF600FB7412 /* Sources */,
				576214872B851BF600FB7412 /* Frameworks */,
				576214882B851BF600FB7412 /* Resources */,
			);
			buildRules = (
			);
			dependencies = (
				5762148C2B851BF600FB7412 /* PBXTargetDependency */,
			);
			name = CuriousCatTests;
			productName = CuriousCatTests;
			productReference = 5762148A2B851BF600FB7412 /* CuriousCatTests.xctest */;
			productType = "com.apple.product-type.bundle.unit-test";
		};
		576214932B851BF600FB7412 /* CuriousCatUITests */ = {
			isa = PBXNativeTarget;
			buildConfigurationList = 576214A42B851BF600FB7412 /* Build configuration list for PBXNativeTarget "CuriousCatUITests" */;
			buildPhases = (
				576214902B851BF600FB7412 /* Sources */,
				576214912B851BF600FB7412 /* Frameworks */,
				576214922B851BF600FB7412 /* Resources */,
			);
			buildRules = (
			);
			dependencies = (
				576214962B851BF600FB7412 /* PBXTargetDependency */,
			);
			name = CuriousCatUITests;
			productName = CuriousCatUITests;
			productReference = 576214942B851BF600FB7412 /* CuriousCatUITests.xctest */;
			productType = "com.apple.product-type.bundle.ui-testing";
		};
/* End PBXNativeTarget section */

/* Begin PBXProject section */
		576214722B851BF500FB7412 /* Project object */ = {
			isa = PBXProject;
			attributes = {
				BuildIndependentTargetsInParallel = 1;
				LastSwiftUpdateCheck = 1520;
				LastUpgradeCheck = 1520;
				TargetAttributes = {
					576214792B851BF500FB7412 = {
						CreatedOnToolsVersion = 15.2;
					};
					576214892B851BF600FB7412 = {
						CreatedOnToolsVersion = 15.2;
						TestTargetID = 576214792B851BF500FB7412;
					};
					576214932B851BF600FB7412 = {
						CreatedOnToolsVersion = 15.2;
						TestTargetID = 576214792B851BF500FB7412;
					};
				};
			};
			buildConfigurationList = 576214752B851BF500FB7412 /* Build configuration list for PBXProject "CuriousCat" */;
			compatibilityVersion = "Xcode 14.0";
			developmentRegion = en;
			hasScannedForEncodings = 0;
			knownRegions = (
				en,
				Base,
			);
			mainGroup = 576214712B851BF500FB7412;
			packageReferences = (
				576214A92B8ADFF900FB7412 /* XCRemoteSwiftPackageReference "generative-ai-swift" */,
			);
			productRefGroup = 5762147B2B851BF500FB7412 /* Products */;
			projectDirPath = "";
			projectRoot = "";
			targets = (
				576214792B851BF500FB7412 /* CuriousCat */,
				576214892B851BF600FB7412 /* CuriousCatTests */,
				576214932B851BF600FB7412 /* CuriousCatUITests */,
			);
		};
/* End PBXProject section */

/* Begin PBXResourcesBuildPhase section */
		576214782B851BF500FB7412 /* Resources */ = {
			isa = PBXResourcesBuildPhase;
			buildActionMask = 2147483647;
			files = (
				576214852B851BF600FB7412 /* Preview Assets.xcassets in Resources */,
				576214822B851BF600FB7412 /* Assets.xcassets in Resources */,
			);
			runOnlyForDeploymentPostprocessing = 0;
		};
		576214882B851BF600FB7412 /* Resources */ = {
			isa = PBXResourcesBuildPhase;
			buildActionMask = 2147483647;
			files = (
			);
			runOnlyForDeploymentPostprocessing = 0;
		};
		576214922B851BF600FB7412 /* Resources */ = {
			isa = PBXResourcesBuildPhase;
			buildActionMask = 2147483647;
			files = (
			);
			runOnlyForDeploymentPostprocessing = 0;
		};
/* End PBXResourcesBuildPhase section */

/* Begin PBXSourcesBuildPhase section */
		576214762B851BF500FB7412 /* Sources */ = {
			isa = PBXSourcesBuildPhase;
			buildActionMask = 2147483647;
			files = (
				576214A82B8ADF7F00FB7412 /* SummarizeModel.swift in Sources */,
				576214802B851BF500FB7412 /* ContentView.swift in Sources */,
				5762147E2B851BF500FB7412 /* CuriousCatApp.swift in Sources */,
			);
			runOnlyForDeploymentPostprocessing = 0;
		};
		576214862B851BF600FB7412 /* Sources */ = {
			isa = PBXSourcesBuildPhase;
			buildActionMask = 2147483647;
			files = (
			);
			runOnlyForDeploymentPostprocessing = 0;
		};
		576214902B851BF600FB7412 /* Sources */ = {
			isa = PBXSourcesBuildPhase;
			buildActionMask = 2147483647;
			files = (
			);
			runOnlyForDeploymentPostprocessing = 0;
		};
/* End PBXSourcesBuildPhase section */

/* Begin PBXTargetDependency section */
		5762148C2B851BF600FB7412 /* PBXTargetDependency */ = {
			isa = PBXTargetDependency;
			target = 576214792B851BF500FB7412 /* CuriousCat */;
			targetProxy = 5762148B2B851BF600FB7412 /* PBXContainerItemProxy */;
		};
		576214962B851BF600FB7412 /* PBXTargetDependency */ = {
			isa = PBXTargetDependency;
			target = 576214792B851BF500FB7412 /* CuriousCat */;
			targetProxy = 576214952B851BF600FB7412 /* PBXContainerItemProxy */;
		};
/* End PBXTargetDependency section */

/* Begin XCBuildConfiguration section */
		5762149C2B851BF600FB7412 /* Debug */ = {
			isa = XCBuildConfiguration;
			buildSettings = {
				ALWAYS_SEARCH_USER_PATHS = NO;
				ASSETCATALOG_COMPILER_GENERATE_SWIFT_ASSET_SYMBOL_EXTENSIONS = YES;
				CLANG_ANALYZER_NONNULL = YES;
				CLANG_ANALYZER_NUMBER_OBJECT_CONVERSION = YES_AGGRESSIVE;
				CLANG_CXX_LANGUAGE_STANDARD = "gnu++20";
				CLANG_ENABLE_MODULES = YES;
				CLANG_ENABLE_OBJC_ARC = YES;
				CLANG_ENABLE_OBJC_WEAK = YES;
				CLANG_WARN_BLOCK_CAPTURE_AUTORELEASING = YES;
				CLANG_WARN_BOOL_CONVERSION = YES;
				CLANG_WARN_COMMA = YES;
				CLANG_WARN_CONSTANT_CONVERSION = YES;
				CLANG_WARN_DEPRECATED_OBJC_IMPLEMENTATIONS = YES;
				CLANG_WARN_DIRECT_OBJC_ISA_USAGE = YES_ERROR;
				CLANG_WARN_DOCUMENTATION_COMMENTS = YES;
				CLANG_WARN_EMPTY_BODY = YES;
				CLANG_WARN_ENUM_CONVERSION = YES;
				CLANG_WARN_INFINITE_RECURSION = YES;
				CLANG_WARN_INT_CONVERSION = YES;
				CLANG_WARN_NON_LITERAL_NULL_CONVERSION = YES;
				CLANG_WARN_OBJC_IMPLICIT_RETAIN_SELF = YES;
				CLANG_WARN_OBJC_LITERAL_CONVERSION = YES;
				CLANG_WARN_OBJC_ROOT_CLASS = YES_ERROR;
				CLANG_WARN_QUOTED_INCLUDE_IN_FRAMEWORK_HEADER = YES;
				CLANG_WARN_RANGE_LOOP_ANALYSIS = YES;
				CLANG_WARN_STRICT_PROTOTYPES = YES;
				CLANG_WARN_SUSPICIOUS_MOVE = YES;
				CLANG_WARN_UNGUARDED_AVAILABILITY = YES_AGGRESSIVE;
				CLANG_WARN_UNREACHABLE_CODE = YES;
				CLANG_WARN__DUPLICATE_METHOD_MATCH = YES;
				COPY_PHASE_STRIP = NO;
				DEBUG_INFORMATION_FORMAT = dwarf;
				ENABLE_STRICT_OBJC_MSGSEND = YES;
				ENABLE_TESTABILITY = YES;
				ENABLE_USER_SCRIPT_SANDBOXING = YES;
				GCC_C_LANGUAGE_STANDARD = gnu17;
				GCC_DYNAMIC_NO_PIC = NO;
				GCC_NO_COMMON_BLOCKS = YES;
				GCC_OPTIMIZATION_LEVEL = 0;
				GCC_PREPROCESSOR_DEFINITIONS = (
					"DEBUG=1",
					"$(inherited)",
				);
				GCC_WARN_64_TO_32_BIT_CONVERSION = YES;
				GCC_WARN_ABOUT_RETURN_TYPE = YES_ERROR;
				GCC_WARN_UNDECLARED_SELECTOR = YES;
				GCC_WARN_UNINITIALIZED_AUTOS = YES_AGGRESSIVE;
				GCC_WARN_UNUSED_FUNCTION = YES;
				GCC_WARN_UNUSED_VARIABLE = YES;
				IPHONEOS_DEPLOYMENT_TARGET = 17.2;
				LOCALIZATION_PREFERS_STRING_CATALOGS = YES;
				MTL_ENABLE_DEBUG_INFO = INCLUDE_SOURCE;
				MTL_FAST_MATH = YES;
				ONLY_ACTIVE_ARCH = YES;
				SDKROOT = iphoneos;
				SWIFT_ACTIVE_COMPILATION_CONDITIONS = "DEBUG $(inherited)";
				SWIFT_OPTIMIZATION_LEVEL = "-Onone";
			};
			name = Debug;
		};
		5762149D2B851BF600FB7412 /* Release */ = {
			isa = XCBuildConfiguration;
			buildSettings = {
				ALWAYS_SEARCH_USER_PATHS = NO;
				ASSETCATALOG_COMPILER_GENERATE_SWIFT_ASSET_SYMBOL_EXTENSIONS = YES;
				CLANG_ANALYZER_NONNULL = YES;
				CLANG_ANALYZER_NUMBER_OBJECT_CONVERSION = YES_AGGRESSIVE;
				CLANG_CXX_LANGUAGE_STANDARD = "gnu++20";
				CLANG_ENABLE_MODULES = YES;
				CLANG_ENABLE_OBJC_ARC = YES;
				CLANG_ENABLE_OBJC_WEAK = YES;
				CLANG_WARN_BLOCK_CAPTURE_AUTORELEASING = YES;
				CLANG_WARN_BOOL_CONVERSION = YES;
				CLANG_WARN_COMMA = YES;
				CLANG_WARN_CONSTANT_CONVERSION = YES;
				CLANG_WARN_DEPRECATED_OBJC_IMPLEMENTATIONS = YES;
				CLANG_WARN_DIRECT_OBJC_ISA_USAGE = YES_ERROR;
				CLANG_WARN_DOCUMENTATION_COMMENTS = YES;
				CLANG_WARN_EMPTY_BODY = YES;
				CLANG_WARN_ENUM_CONVERSION = YES;
				CLANG_WARN_INFINITE_RECURSION = YES;
				CLANG_WARN_INT_CONVERSION = YES;
				CLANG_WARN_NON_LITERAL_NULL_CONVERSION = YES;
				CLANG_WARN_OBJC_IMPLICIT_RETAIN_SELF = YES;
				CLANG_WARN_OBJC_LITERAL_CONVERSION = YES;
				CLANG_WARN_OBJC_ROOT_CLASS = YES_ERROR;
				CLANG_WARN_QUOTED_INCLUDE_IN_FRAMEWORK_HEADER = YES;
				CLANG_WARN_RANGE_LOOP_ANALYSIS = YES;
				CLANG_WARN_STRICT_PROTOTYPES = YES;
				CLANG_WARN_SUSPICIOUS_MOVE = YES;
				CLANG_WARN_UNGUARDED_AVAILABILITY = YES_AGGRESSIVE;
				CLANG_WARN_UNREACHABLE_CODE = YES;
				CLANG_WARN__DUPLICATE_METHOD_MATCH = YES;
				COPY_PHASE_STRIP = NO;
				DEBUG_INFORMATION_FORMAT = "dwarf-with-dsym";
				ENABLE_NS_ASSERTIONS = NO;
				ENABLE_STRICT_OBJC_MSGSEND = YES;
				ENABLE_USER_SCRIPT_SANDBOXING = YES;
				GCC_C_LANGUAGE_STANDARD = gnu17;
				GCC_NO_COMMON_BLOCKS = YES;
				GCC_WARN_64_TO_32_BIT_CONVERSION = YES;
				GCC_WARN_ABOUT_RETURN_TYPE = YES_ERROR;
				GCC_WARN_UNDECLARED_SELECTOR = YES;
				GCC_WARN_UNINITIALIZED_AUTOS = YES_AGGRESSIVE;
				GCC_WARN_UNUSED_FUNCTION = YES;
				GCC_WARN_UNUSED_VARIABLE = YES;
				IPHONEOS_DEPLOYMENT_TARGET = 17.2;
				LOCALIZATION_PREFERS_STRING_CATALOGS = YES;
				MTL_ENABLE_DEBUG_INFO = NO;
				MTL_FAST_MATH = YES;
				SDKROOT = iphoneos;
				SWIFT_COMPILATION_MODE = wholemodule;
				VALIDATE_PRODUCT = YES;
			};
			name = Release;
		};
		5762149F2B851BF600FB7412 /* Debug */ = {
			isa = XCBuildConfiguration;
			buildSettings = {
				ASSETCATALOG_COMPILER_APPICON_NAME = AppIcon;
				ASSETCATALOG_COMPILER_GLOBAL_ACCENT_COLOR_NAME = AccentColor;
				CODE_SIGN_STYLE = Automatic;
				CURRENT_PROJECT_VERSION = 1;
				DEVELOPMENT_ASSET_PATHS = "\"CuriousCat/Preview Content\"";
				DEVELOPMENT_TEAM = KW4434WNW9;
				ENABLE_PREVIEWS = YES;
				GENERATE_INFOPLIST_FILE = YES;
				INFOPLIST_KEY_LSApplicationCategoryType = "public.app-category.productivity";
				INFOPLIST_KEY_NSCameraUsageDescription = "";
				INFOPLIST_KEY_UIApplicationSupportsIndirectInputEvents = YES;
				INFOPLIST_KEY_UILaunchScreen_Generation = YES;
				INFOPLIST_KEY_UIRequiredDeviceCapabilities = arkit;
				INFOPLIST_KEY_UIStatusBarHidden = YES;
				INFOPLIST_KEY_UISupportedInterfaceOrientations_iPad = "UIInterfaceOrientationPortrait UIInterfaceOrientationPortraitUpsideDown UIInterfaceOrientationLandscapeLeft UIInterfaceOrientationLandscapeRight";
				INFOPLIST_KEY_UISupportedInterfaceOrientations_iPhone = "UIInterfaceOrientationPortrait UIInterfaceOrientationLandscapeLeft UIInterfaceOrientationLandscapeRight";
				LD_RUNPATH_SEARCH_PATHS = (
					"$(inherited)",
					"@executable_path/Frameworks",
				);
				MARKETING_VERSION = 1.0;
				PRODUCT_BUNDLE_IDENTIFIER = com.bryantleft.CuriousCat;
				PRODUCT_NAME = "$(TARGET_NAME)";
				SWIFT_EMIT_LOC_STRINGS = YES;
				SWIFT_VERSION = 5.0;
				TARGETED_DEVICE_FAMILY = "1,2";
			};
			name = Debug;
		};
		576214A02B851BF600FB7412 /* Release */ = {
			isa = XCBuildConfiguration;
			buildSettings = {
				ASSETCATALOG_COMPILER_APPICON_NAME = AppIcon;
				ASSETCATALOG_COMPILER_GLOBAL_ACCENT_COLOR_NAME = AccentColor;
				CODE_SIGN_STYLE = Automatic;
				CURRENT_PROJECT_VERSION = 1;
				DEVELOPMENT_ASSET_PATHS = "\"CuriousCat/Preview Content\"";
				DEVELOPMENT_TEAM = KW4434WNW9;
				ENABLE_PREVIEWS = YES;
				GENERATE_INFOPLIST_FILE = YES;
				INFOPLIST_KEY_LSApplicationCategoryType = "public.app-category.productivity";
				INFOPLIST_KEY_NSCameraUsageDescription = "";
				INFOPLIST_KEY_UIApplicationSupportsIndirectInputEvents = YES;
				INFOPLIST_KEY_UILaunchScreen_Generation = YES;
				INFOPLIST_KEY_UIRequiredDeviceCapabilities = arkit;
				INFOPLIST_KEY_UIStatusBarHidden = YES;
				INFOPLIST_KEY_UISupportedInterfaceOrientations_iPad = "UIInterfaceOrientationPortrait UIInterfaceOrientationPortraitUpsideDown UIInterfaceOrientationLandscapeLeft UIInterfaceOrientationLandscapeRight";
				INFOPLIST_KEY_UISupportedInterfaceOrientations_iPhone = "UIInterfaceOrientationPortrait UIInterfaceOrientationLandscapeLeft UIInterfaceOrientationLandscapeRight";
				LD_RUNPATH_SEARCH_PATHS = (
					"$(inherited)",
					"@executable_path/Frameworks",
				);
				MARKETING_VERSION = 1.0;
				PRODUCT_BUNDLE_IDENTIFIER = com.bryantleft.CuriousCat;
				PRODUCT_NAME = "$(TARGET_NAME)";
				SWIFT_EMIT_LOC_STRINGS = YES;
				SWIFT_VERSION = 5.0;
				TARGETED_DEVICE_FAMILY = "1,2";
			};
			name = Release;
		};
		576214A22B851BF600FB7412 /* Debug */ = {
			isa = XCBuildConfiguration;
			buildSettings = {
				ALWAYS_EMBED_SWIFT_STANDARD_LIBRARIES = YES;
				BUNDLE_LOADER = "$(TEST_HOST)";
				CODE_SIGN_STYLE = Automatic;
				CURRENT_PROJECT_VERSION = 1;
				DEVELOPMENT_TEAM = KW4434WNW9;
				GENERATE_INFOPLIST_FILE = YES;
				IPHONEOS_DEPLOYMENT_TARGET = 17.2;
				MARKETING_VERSION = 1.0;
				PRODUCT_BUNDLE_IDENTIFIER = com.bryantleft.CuriousCatTests;
				PRODUCT_NAME = "$(TARGET_NAME)";
				SWIFT_EMIT_LOC_STRINGS = NO;
				SWIFT_VERSION = 5.0;
				TARGETED_DEVICE_FAMILY = "1,2";
				TEST_HOST = "$(BUILT_PRODUCTS_DIR)/CuriousCat.app/$(BUNDLE_EXECUTABLE_FOLDER_PATH)/CuriousCat";
			};
			name = Debug;
		};
		576214A32B851BF600FB7412 /* Release */ = {
			isa = XCBuildConfiguration;
			buildSettings = {
				ALWAYS_EMBED_SWIFT_STANDARD_LIBRARIES = YES;
				BUNDLE_LOADER = "$(TEST_HOST)";
				CODE_SIGN_STYLE = Automatic;
				CURRENT_PROJECT_VERSION = 1;
				DEVELOPMENT_TEAM = KW4434WNW9;
				GENERATE_INFOPLIST_FILE = YES;
				IPHONEOS_DEPLOYMENT_TARGET = 17.2;
				MARKETING_VERSION = 1.0;
				PRODUCT_BUNDLE_IDENTIFIER = com.bryantleft.CuriousCatTests;
				PRODUCT_NAME = "$(TARGET_NAME)";
				SWIFT_EMIT_LOC_STRINGS = NO;
				SWIFT_VERSION = 5.0;
				TARGETED_DEVICE_FAMILY = "1,2";
				TEST_HOST = "$(BUILT_PRODUCTS_DIR)/CuriousCat.app/$(BUNDLE_EXECUTABLE_FOLDER_PATH)/CuriousCat";
			};
			name = Release;
		};
		576214A52B851BF600FB7412 /* Debug */ = {
			isa = XCBuildConfiguration;
			buildSettings = {
				ALWAYS_EMBED_SWIFT_STANDARD_LIBRARIES = YES;
				CODE_SIGN_STYLE = Automatic;
				CURRENT_PROJECT_VERSION = 1;
				DEVELOPMENT_TEAM = KW4434WNW9;
				GENERATE_INFOPLIST_FILE = YES;
				MARKETING_VERSION = 1.0;
				PRODUCT_BUNDLE_IDENTIFIER = com.bryantleft.CuriousCatUITests;
				PRODUCT_NAME = "$(TARGET_NAME)";
				SWIFT_EMIT_LOC_STRINGS = NO;
				SWIFT_VERSION = 5.0;
				TARGETED_DEVICE_FAMILY = "1,2";
				TEST_TARGET_NAME = CuriousCat;
			};
			name = Debug;
		};
		576214A62B851BF600FB7412 /* Release */ = {
			isa = XCBuildConfiguration;
			buildSettings = {
				ALWAYS_EMBED_SWIFT_STANDARD_LIBRARIES = YES;
				CODE_SIGN_STYLE = Automatic;
				CURRENT_PROJECT_VERSION = 1;
				DEVELOPMENT_TEAM = KW4434WNW9;
				GENERATE_INFOPLIST_FILE = YES;
				MARKETING_VERSION = 1.0;
				PRODUCT_BUNDLE_IDENTIFIER = com.bryantleft.CuriousCatUITests;
				PRODUCT_NAME = "$(TARGET_NAME)";
				SWIFT_EMIT_LOC_STRINGS = NO;
				SWIFT_VERSION = 5.0;
				TARGETED_DEVICE_FAMILY = "1,2";
				TEST_TARGET_NAME = CuriousCat;
			};
			name = Release;
		};
/* End XCBuildConfiguration section */

/* Begin XCConfigurationList section */
		576214752B851BF500FB7412 /* Build configuration list for PBXProject "CuriousCat" */ = {
			isa = XCConfigurationList;
			buildConfigurations = (
				5762149C2B851BF600FB7412 /* Debug */,
				5762149D2B851BF600FB7412 /* Release */,
			);
			defaultConfigurationIsVisible = 0;
			defaultConfigurationName = Release;
		};
		5762149E2B851BF600FB7412 /* Build configuration list for PBXNativeTarget "CuriousCat" */ = {
			isa = XCConfigurationList;
			buildConfigurations = (
				5762149F2B851BF600FB7412 /* Debug */,
				576214A02B851BF600FB7412 /* Release */,
			);
			defaultConfigurationIsVisible = 0;
			defaultConfigurationName = Release;
		};
		576214A12B851BF600FB7412 /* Build configuration list for PBXNativeTarget "CuriousCatTests" */ = {
			isa = XCConfigurationList;
			buildConfigurations = (
				576214A22B851BF600FB7412 /* Debug */,
				576214A32B851BF600FB7412 /* Release */,
			);
			defaultConfigurationIsVisible = 0;
			defaultConfigurationName = Release;
		};
		576214A42B851BF600FB7412 /* Build configuration list for PBXNativeTarget "CuriousCatUITests" */ = {
			isa = XCConfigurationList;
			buildConfigurations = (
				576214A52B851BF600FB7412 /* Debug */,
				576214A62B851BF600FB7412 /* Release */,
			);
			defaultConfigurationIsVisible = 0;
			defaultConfigurationName = Release;
		};
/* End XCConfigurationList section */

/* Begin XCRemoteSwiftPackageReference section */
		576214A92B8ADFF900FB7412 /* XCRemoteSwiftPackageReference "generative-ai-swift" */ = {
			isa = XCRemoteSwiftPackageReference;
			repositoryURL = "https://github.com/google/generative-ai-swift";
			requirement = {
				kind = upToNextMajorVersion;
				minimumVersion = 0.4.8;
			};
		};
/* End XCRemoteSwiftPackageReference section */

/* Begin XCSwiftPackageProductDependency section */
		576214AA2B8ADFF900FB7412 /* GoogleGenerativeAI */ = {
			isa = XCSwiftPackageProductDependency;
			package = 576214A92B8ADFF900FB7412 /* XCRemoteSwiftPackageReference "generative-ai-swift" */;
			productName = GoogleGenerativeAI;
		};
/* End XCSwiftPackageProductDependency section */
	};
	rootObject = 576214722B851BF500FB7412 /* Project object */;
}
